
Microsoft Visual Studio Solution File, Format Version 12.00
# Visual Studio Version 17
VisualStudioVersion = 17.14.36327.8 d17.14
MinimumVisualStudioVersion = 10.0.40219.1
Project("{FAE04EC0-301F-11D3-BF4B-00C04F79EFBC}") = "LabAssignment1", "LabAssignment1.csproj", "{ADB9FF72-80A6-4869-AEA0-EA1CE30C7CBA}"
EndProject
Global
	GlobalSection(SolutionConfigurationPlatforms) = preSolution
		Debug|Any CPU = Debug|Any CPU
		Release|Any CPU = Release|Any CPU
	EndGlobalSection
	GlobalSection(ProjectConfigurationPlatforms) = postSolution
		{ADB9FF72-80A6-4869-AEA0-EA1CE30C7CBA}.Debug|Any CPU.ActiveCfg = Debug|Any CPU
		{ADB9FF72-80A6-4869-AEA0-EA1CE30C7CBA}.Debug|Any CPU.Build.0 = Debug|Any CPU
		{ADB9FF72-80A6-4869-AEA0-EA1CE30C7CBA}.Release|Any CPU.ActiveCfg = Release|Any CPU
		{ADB9FF72-80A6-4869-AEA0-EA1CE30C7CBA}.Release|Any CPU.Build.0 = Release|Any CPU
	EndGlobalSection
	GlobalSection(SolutionProperties) = preSolution
		HideSolutionNode = FALSE
	EndGlobalSection
	GlobalSection(ExtensibilityGlobals) = postSolution
		SolutionGuid = {59D75461-8A09-4C30-808F-56C56C8013BB}
	EndGlobalSection
EndGlobal
